
Microsoft Visual Studio Solution File, Format Version 12.00
# Visual Studio Version 16
VisualStudioVersion = 16.0.32228.343
MinimumVisualStudioVersion = 10.0.40219.1
Project("{FAE04EC0-301F-11D3-BF4B-00C04F79EFBC}") = "progra6", "progra6\progra6.csproj", "{0EEE52BB-DA47-4531-826D-694F7DF346E3}"
EndProject
Global
	GlobalSection(SolutionConfigurationPlatforms) = preSolution
		Debug|Any CPU = Debug|Any CPU
		Release|Any CPU = Release|Any CPU
	EndGlobalSection
	GlobalSection(ProjectConfigurationPlatforms) = postSolution
		{0EEE52BB-DA47-4531-826D-694F7DF346E3}.Debug|Any CPU.ActiveCfg = Debug|Any CPU
		{0EEE52BB-DA47-4531-826D-694F7DF346E3}.Debug|Any CPU.Build.0 = Debug|Any CPU
		{0EEE52BB-DA47-4531-826D-694F7DF346E3}.Release|Any CPU.ActiveCfg = Release|Any CPU
		{0EEE52BB-DA47-4531-826D-694F7DF346E3}.Release|Any CPU.Build.0 = Release|Any CPU
	EndGlobalSection
	GlobalSection(SolutionProperties) = preSolution
		HideSolutionNode = FALSE
	EndGlobalSection
	GlobalSection(ExtensibilityGlobals) = postSolution
		SolutionGuid = {C306BE3B-DEA6-41C7-A607-7AAE21E1C388}
	EndGlobalSection
EndGlobal
